{"version":4,"terraform_version":"1.9.0","serial":33,"lineage":"09d7297b-ae54-3768-9742-35e24b50e6c8","outputs":{"processing_job_name":{"value":"my-notebook-processing-job-2025-04-22T155245Z","type":"string"}},"resources":[{"mode":"data","type":"aws_iam_policy_document","name":"sagemaker_processing_assume_role","provider":"provider[\"registry.opentofu.org/hashicorp/aws\"]","instances":[{"schema_version":0,"attributes":{"id":"1147345228","json":"{\n  \"Version\": \"2012-10-17\",\n  \"Statement\": [\n    {\n      \"Effect\": \"Allow\",\n      \"Action\": \"sts:AssumeRole\",\n      \"Principal\": {\n        \"Service\": \"sagemaker.amazonaws.com\"\n      }\n    }\n  ]\n}","minified_json":"{\"Version\":\"2012-10-17\",\"Statement\":[{\"Effect\":\"Allow\",\"Action\":\"sts:AssumeRole\",\"Principal\":{\"Service\":\"sagemaker.amazonaws.com\"}}]}","override_json":null,"override_policy_documents":null,"policy_id":null,"source_json":null,"source_policy_documents":null,"statement":[{"actions":["sts:AssumeRole"],"condition":[],"effect":"Allow","not_actions":[],"not_principals":[],"not_resources":[],"principals":[{"identifiers":["sagemaker.amazonaws.com"],"type":"Service"}],"resources":[],"sid":""}],"version":"2012-10-17"},"sensitive_attributes":[]}]},{"mode":"managed","type":"aws_iam_role","name":"sagemaker_processing_role","provider":"provider[\"registry.opentofu.org/hashicorp/aws\"]","instances":[{"schema_version":0,"attributes":{"arn":"arn:aws:iam::307946674662:role/tofu-sagemaker-processing-role","assume_role_policy":"{\"Statement\":[{\"Action\":\"sts:AssumeRole\",\"Effect\":\"Allow\",\"Principal\":{\"Service\":\"sagemaker.amazonaws.com\"}}],\"Version\":\"2012-10-17\"}","create_date":"2025-04-22T14:39:59Z","description":"","force_detach_policies":false,"id":"tofu-sagemaker-processing-role","inline_policy":[],"managed_policy_arns":["arn:aws:iam::aws:policy/AmazonS3FullAccess","arn:aws:iam::aws:policy/AmazonSageMakerFullAccess"],"max_session_duration":3600,"name":"tofu-sagemaker-processing-role","name_prefix":"","path":"/","permissions_boundary":"","tags":{},"tags_all":{},"unique_id":"AROAUPMYNLHTJXZL26QHS"},"sensitive_attributes":[],"private":"bnVsbA==","dependencies":["data.aws_iam_policy_document.sagemaker_processing_assume_role"]}]},{"mode":"managed","type":"aws_iam_role_policy_attachment","name":"s3_rw_access","provider":"provider[\"registry.opentofu.org/hashicorp/aws\"]","instances":[{"schema_version":0,"attributes":{"id":"tofu-sagemaker-processing-role-20250422143959799400000002","policy_arn":"arn:aws:iam::aws:policy/AmazonS3FullAccess","role":"tofu-sagemaker-processing-role"},"sensitive_attributes":[],"private":"bnVsbA==","dependencies":["aws_iam_role.sagemaker_processing_role","data.aws_iam_policy_document.sagemaker_processing_assume_role"]}]},{"mode":"managed","type":"aws_iam_role_policy_attachment","name":"sagemaker_full_access","provider":"provider[\"registry.opentofu.org/hashicorp/aws\"]","instances":[{"schema_version":0,"attributes":{"id":"tofu-sagemaker-processing-role-20250422143959628400000001","policy_arn":"arn:aws:iam::aws:policy/AmazonSageMakerFullAccess","role":"tofu-sagemaker-processing-role"},"sensitive_attributes":[],"private":"bnVsbA==","dependencies":["aws_iam_role.sagemaker_processing_role","data.aws_iam_policy_document.sagemaker_processing_assume_role"]}]},{"mode":"managed","type":"aws_s3_bucket","name":"notebook_bucket","provider":"provider[\"registry.opentofu.org/hashicorp/aws\"]","instances":[{"schema_version":0,"attributes":{"acceleration_status":"","acl":null,"arn":"arn:aws:s3:::whisper-bucket-unilex-new","bucket":"whisper-bucket-unilex-new","bucket_domain_name":"whisper-bucket-unilex-new.s3.amazonaws.com","bucket_prefix":"","bucket_regional_domain_name":"whisper-bucket-unilex-new.s3.us-east-1.amazonaws.com","cors_rule":[],"force_destroy":false,"grant":[{"id":"77401aaeec1555a9a198a35d0cfa0262031b1635a796bed900ba772446be33c4","permissions":["FULL_CONTROL"],"type":"CanonicalUser","uri":""}],"hosted_zone_id":"Z3AQBSTGFYJSTF","id":"whisper-bucket-unilex-new","lifecycle_rule":[],"logging":[],"object_lock_configuration":[],"object_lock_enabled":false,"policy":"","region":"us-east-1","replication_configuration":[],"request_payer":"BucketOwner","server_side_encryption_configuration":[{"rule":[{"apply_server_side_encryption_by_default":[{"kms_master_key_id":"","sse_algorithm":"AES256"}],"bucket_key_enabled":false}]}],"tags":{},"tags_all":{},"timeouts":null,"versioning":[{"enabled":false,"mfa_delete":false}],"website":[],"website_domain":null,"website_endpoint":null},"sensitive_attributes":[],"private":"eyJlMmJmYjczMC1lY2FhLTExZTYtOGY4OC0zNDM2M2JjN2M0YzAiOnsiY3JlYXRlIjoxMjAwMDAwMDAwMDAwLCJkZWxldGUiOjM2MDAwMDAwMDAwMDAsInJlYWQiOjEyMDAwMDAwMDAwMDAsInVwZGF0ZSI6MTIwMDAwMDAwMDAwMH19"}]},{"mode":"managed","type":"aws_s3_bucket","name":"notebook_output_bucket","provider":"provider[\"registry.opentofu.org/hashicorp/aws\"]","instances":[{"schema_version":0,"attributes":{"acceleration_status":"","acl":null,"arn":"arn:aws:s3:::whisper-output-unilex","bucket":"whisper-output-unilex","bucket_domain_name":"whisper-output-unilex.s3.amazonaws.com","bucket_prefix":"","bucket_regional_domain_name":"whisper-output-unilex.s3.us-east-1.amazonaws.com","cors_rule":[],"force_destroy":false,"grant":[{"id":"77401aaeec1555a9a198a35d0cfa0262031b1635a796bed900ba772446be33c4","permissions":["FULL_CONTROL"],"type":"CanonicalUser","uri":""}],"hosted_zone_id":"Z3AQBSTGFYJSTF","id":"whisper-output-unilex","lifecycle_rule":[],"logging":[],"object_lock_configuration":[],"object_lock_enabled":false,"policy":"","region":"us-east-1","replication_configuration":[],"request_payer":"BucketOwner","server_side_encryption_configuration":[{"rule":[{"apply_server_side_encryption_by_default":[{"kms_master_key_id":"","sse_algorithm":"AES256"}],"bucket_key_enabled":false}]}],"tags":{},"tags_all":{},"timeouts":null,"versioning":[{"enabled":false,"mfa_delete":false}],"website":[],"website_domain":null,"website_endpoint":null},"sensitive_attributes":[],"private":"eyJlMmJmYjczMC1lY2FhLTExZTYtOGY4OC0zNDM2M2JjN2M0YzAiOnsiY3JlYXRlIjoxMjAwMDAwMDAwMDAwLCJkZWxldGUiOjM2MDAwMDAwMDAwMDAsInJlYWQiOjEyMDAwMDAwMDAwMDAsInVwZGF0ZSI6MTIwMDAwMDAwMDAwMH19"}]},{"mode":"managed","type":"aws_s3_bucket_object","name":"notebook_file","provider":"provider[\"registry.opentofu.org/hashicorp/aws\"]","instances":[{"schema_version":0,"attributes":{"acl":"private","arn":"arn:aws:s3:::whisper-bucket-unilex-new/input/whisper_deploy.ipynb","bucket":"whisper-bucket-unilex-new","bucket_key_enabled":false,"cache_control":"","content":null,"content_base64":null,"content_disposition":"","content_encoding":"","content_language":"","content_type":"application/octet-stream","etag":"390bef713b09926a93e8f99193004014","force_destroy":false,"id":"input/whisper_deploy.ipynb","key":"input/whisper_deploy.ipynb","kms_key_id":null,"metadata":{},"object_lock_legal_hold_status":"","object_lock_mode":"","object_lock_retain_until_date":"","server_side_encryption":"AES256","source":"../whisper_deploy.ipynb","source_hash":null,"storage_class":"STANDARD","tags":{},"tags_all":{},"version_id":"","website_redirect":""},"sensitive_attributes":[],"private":"bnVsbA==","dependencies":["aws_s3_bucket.notebook_bucket"]}]},{"mode":"managed","type":"null_resource","name":"create_sagemaker_processing_job","provider":"provider[\"registry.opentofu.org/hashicorp/null\"]","instances":[{"schema_version":0,"attributes":{"id":"3253428674199751108","triggers":{"always_run":"2025-04-22T15:52:47Z"}},"sensitive_attributes":[],"dependencies":["aws_iam_role.sagemaker_processing_role","aws_iam_role_policy_attachment.s3_rw_access","aws_iam_role_policy_attachment.sagemaker_full_access","aws_s3_bucket.notebook_bucket","aws_s3_bucket_object.notebook_file","data.aws_iam_policy_document.sagemaker_processing_assume_role"]}]}],"check_results":null}
